
Microsoft Visual Studio Solution File, Format Version 12.00
# Visual Studio 15
VisualStudioVersion = 15.0.26124.0
MinimumVisualStudioVersion = 15.0.26124.0
Project("{2150E333-8FDC-42A3-9474-1A3956D46DE8}") = "src", "src", "{8620CE18-3173-4B2C-AC53-2F88B1B89557}"
EndProject
Project("{FAE04EC0-301F-11D3-BF4B-00C04F79EFBC}") = "DoeAqui.Domain.Core", "src\DoeAqui.Domain.Core\DoeAqui.Domain.Core.csproj", "{764F2CB7-FDDE-4BAE-B851-00124AAEEF67}"
EndProject
Project("{FAE04EC0-301F-11D3-BF4B-00C04F79EFBC}") = "DoeAqui.Domain", "src\DoeAqui.Domain\DoeAqui.Domain.csproj", "{2E5BD96A-C2BF-4D2B-A677-1720324331A1}"
EndProject
Project("{FAE04EC0-301F-11D3-BF4B-00C04F79EFBC}") = "DoeAqui.Api", "src\DoeAqui.Api\DoeAqui.Api.csproj", "{90332413-CDC5-45BF-A212-A4D5DF263715}"
EndProject
Project("{FAE04EC0-301F-11D3-BF4B-00C04F79EFBC}") = "DoeAqui.Infrastructure", "src\DoeAqui.Infrastructure\DoeAqui.Infrastructure.csproj", "{88E1BE4E-BAFA-4702-A648-51A159A3111B}"
EndProject
Project("{FAE04EC0-301F-11D3-BF4B-00C04F79EFBC}") = "DoeAqui.Helper", "src\DoeAqui.Helper\DoeAqui.Helper.csproj", "{3E5B4C7C-55E5-4EBF-98FA-CCBDD807FAC3}"
EndProject
Project("{FAE04EC0-301F-11D3-BF4B-00C04F79EFBC}") = "DoeAqui.Application", "src\DoeAqui.Application\DoeAqui.Application.csproj", "{4F71B04F-B380-4CEE-82E6-B91C81D5800F}"
EndProject
Project("{2150E333-8FDC-42A3-9474-1A3956D46DE8}") = "tests", "tests", "{116CC5D9-DABF-4EA3-96F4-00658EDFDA86}"
EndProject
Project("{FAE04EC0-301F-11D3-BF4B-00C04F79EFBC}") = "DoeAqui.Test.Unit", "tests\DoeAqui.Test.Unit\DoeAqui.Test.Unit.csproj", "{AA611B2B-C5FA-4722-A6AB-DE5A57472882}"
EndProject
Global
	GlobalSection(SolutionConfigurationPlatforms) = preSolution
		Debug|Any CPU = Debug|Any CPU
		Debug|x64 = Debug|x64
		Debug|x86 = Debug|x86
		Release|Any CPU = Release|Any CPU
		Release|x64 = Release|x64
		Release|x86 = Release|x86
	EndGlobalSection
	GlobalSection(SolutionProperties) = preSolution
		HideSolutionNode = FALSE
	EndGlobalSection
	GlobalSection(ProjectConfigurationPlatforms) = postSolution
		{764F2CB7-FDDE-4BAE-B851-00124AAEEF67}.Debug|Any CPU.ActiveCfg = Debug|Any CPU
		{764F2CB7-FDDE-4BAE-B851-00124AAEEF67}.Debug|Any CPU.Build.0 = Debug|Any CPU
		{764F2CB7-FDDE-4BAE-B851-00124AAEEF67}.Debug|x64.ActiveCfg = Debug|Any CPU
		{764F2CB7-FDDE-4BAE-B851-00124AAEEF67}.Debug|x64.Build.0 = Debug|Any CPU
		{764F2CB7-FDDE-4BAE-B851-00124AAEEF67}.Debug|x86.ActiveCfg = Debug|Any CPU
		{764F2CB7-FDDE-4BAE-B851-00124AAEEF67}.Debug|x86.Build.0 = Debug|Any CPU
		{764F2CB7-FDDE-4BAE-B851-00124AAEEF67}.Release|Any CPU.ActiveCfg = Release|Any CPU
		{764F2CB7-FDDE-4BAE-B851-00124AAEEF67}.Release|Any CPU.Build.0 = Release|Any CPU
		{764F2CB7-FDDE-4BAE-B851-00124AAEEF67}.Release|x64.ActiveCfg = Release|Any CPU
		{764F2CB7-FDDE-4BAE-B851-00124AAEEF67}.Release|x64.Build.0 = Release|Any CPU
		{764F2CB7-FDDE-4BAE-B851-00124AAEEF67}.Release|x86.ActiveCfg = Release|Any CPU
		{764F2CB7-FDDE-4BAE-B851-00124AAEEF67}.Release|x86.Build.0 = Release|Any CPU
		{2E5BD96A-C2BF-4D2B-A677-1720324331A1}.Debug|Any CPU.ActiveCfg = Debug|Any CPU
		{2E5BD96A-C2BF-4D2B-A677-1720324331A1}.Debug|Any CPU.Build.0 = Debug|Any CPU
		{2E5BD96A-C2BF-4D2B-A677-1720324331A1}.Debug|x64.ActiveCfg = Debug|Any CPU
		{2E5BD96A-C2BF-4D2B-A677-1720324331A1}.Debug|x64.Build.0 = Debug|Any CPU
		{2E5BD96A-C2BF-4D2B-A677-1720324331A1}.Debug|x86.ActiveCfg = Debug|Any CPU
		{2E5BD96A-C2BF-4D2B-A677-1720324331A1}.Debug|x86.Build.0 = Debug|Any CPU
		{2E5BD96A-C2BF-4D2B-A677-1720324331A1}.Release|Any CPU.ActiveCfg = Release|Any CPU
		{2E5BD96A-C2BF-4D2B-A677-1720324331A1}.Release|Any CPU.Build.0 = Release|Any CPU
		{2E5BD96A-C2BF-4D2B-A677-1720324331A1}.Release|x64.ActiveCfg = Release|Any CPU
		{2E5BD96A-C2BF-4D2B-A677-1720324331A1}.Release|x64.Build.0 = Release|Any CPU
		{2E5BD96A-C2BF-4D2B-A677-1720324331A1}.Release|x86.ActiveCfg = Release|Any CPU
		{2E5BD96A-C2BF-4D2B-A677-1720324331A1}.Release|x86.Build.0 = Release|Any CPU
		{90332413-CDC5-45BF-A212-A4D5DF263715}.Debug|Any CPU.ActiveCfg = Debug|Any CPU
		{90332413-CDC5-45BF-A212-A4D5DF263715}.Debug|Any CPU.Build.0 = Debug|Any CPU
		{90332413-CDC5-45BF-A212-A4D5DF263715}.Debug|x64.ActiveCfg = Debug|Any CPU
		{90332413-CDC5-45BF-A212-A4D5DF263715}.Debug|x64.Build.0 = Debug|Any CPU
		{90332413-CDC5-45BF-A212-A4D5DF263715}.Debug|x86.ActiveCfg = Debug|Any CPU
		{90332413-CDC5-45BF-A212-A4D5DF263715}.Debug|x86.Build.0 = Debug|Any CPU
		{90332413-CDC5-45BF-A212-A4D5DF263715}.Release|Any CPU.ActiveCfg = Release|Any CPU
		{90332413-CDC5-45BF-A212-A4D5DF263715}.Release|Any CPU.Build.0 = Release|Any CPU
		{90332413-CDC5-45BF-A212-A4D5DF263715}.Release|x64.ActiveCfg = Release|Any CPU
		{90332413-CDC5-45BF-A212-A4D5DF263715}.Release|x64.Build.0 = Release|Any CPU
		{90332413-CDC5-45BF-A212-A4D5DF263715}.Release|x86.ActiveCfg = Release|Any CPU
		{90332413-CDC5-45BF-A212-A4D5DF263715}.Release|x86.Build.0 = Release|Any CPU
		{88E1BE4E-BAFA-4702-A648-51A159A3111B}.Debug|Any CPU.ActiveCfg = Debug|Any CPU
		{88E1BE4E-BAFA-4702-A648-51A159A3111B}.Debug|Any CPU.Build.0 = Debug|Any CPU
		{88E1BE4E-BAFA-4702-A648-51A159A3111B}.Debug|x64.ActiveCfg = Debug|Any CPU
		{88E1BE4E-BAFA-4702-A648-51A159A3111B}.Debug|x64.Build.0 = Debug|Any CPU
		{88E1BE4E-BAFA-4702-A648-51A159A3111B}.Debug|x86.ActiveCfg = Debug|Any CPU
		{88E1BE4E-BAFA-4702-A648-51A159A3111B}.Debug|x86.Build.0 = Debug|Any CPU
		{88E1BE4E-BAFA-4702-A648-51A159A3111B}.Release|Any CPU.ActiveCfg = Release|Any CPU
		{88E1BE4E-BAFA-4702-A648-51A159A3111B}.Release|Any CPU.Build.0 = Release|Any CPU
		{88E1BE4E-BAFA-4702-A648-51A159A3111B}.Release|x64.ActiveCfg = Release|Any CPU
		{88E1BE4E-BAFA-4702-A648-51A159A3111B}.Release|x64.Build.0 = Release|Any CPU
		{88E1BE4E-BAFA-4702-A648-51A159A3111B}.Release|x86.ActiveCfg = Release|Any CPU
		{88E1BE4E-BAFA-4702-A648-51A159A3111B}.Release|x86.Build.0 = Release|Any CPU
		{3E5B4C7C-55E5-4EBF-98FA-CCBDD807FAC3}.Debug|Any CPU.ActiveCfg = Debug|Any CPU
		{3E5B4C7C-55E5-4EBF-98FA-CCBDD807FAC3}.Debug|Any CPU.Build.0 = Debug|Any CPU
		{3E5B4C7C-55E5-4EBF-98FA-CCBDD807FAC3}.Debug|x64.ActiveCfg = Debug|Any CPU
		{3E5B4C7C-55E5-4EBF-98FA-CCBDD807FAC3}.Debug|x64.Build.0 = Debug|Any CPU
		{3E5B4C7C-55E5-4EBF-98FA-CCBDD807FAC3}.Debug|x86.ActiveCfg = Debug|Any CPU
		{3E5B4C7C-55E5-4EBF-98FA-CCBDD807FAC3}.Debug|x86.Build.0 = Debug|Any CPU
		{3E5B4C7C-55E5-4EBF-98FA-CCBDD807FAC3}.Release|Any CPU.ActiveCfg = Release|Any CPU
		{3E5B4C7C-55E5-4EBF-98FA-CCBDD807FAC3}.Release|Any CPU.Build.0 = Release|Any CPU
		{3E5B4C7C-55E5-4EBF-98FA-CCBDD807FAC3}.Release|x64.ActiveCfg = Release|Any CPU
		{3E5B4C7C-55E5-4EBF-98FA-CCBDD807FAC3}.Release|x64.Build.0 = Release|Any CPU
		{3E5B4C7C-55E5-4EBF-98FA-CCBDD807FAC3}.Release|x86.ActiveCfg = Release|Any CPU
		{3E5B4C7C-55E5-4EBF-98FA-CCBDD807FAC3}.Release|x86.Build.0 = Release|Any CPU
		{4F71B04F-B380-4CEE-82E6-B91C81D5800F}.Debug|Any CPU.ActiveCfg = Debug|Any CPU
		{4F71B04F-B380-4CEE-82E6-B91C81D5800F}.Debug|Any CPU.Build.0 = Debug|Any CPU
		{4F71B04F-B380-4CEE-82E6-B91C81D5800F}.Debug|x64.ActiveCfg = Debug|Any CPU
		{4F71B04F-B380-4CEE-82E6-B91C81D5800F}.Debug|x64.Build.0 = Debug|Any CPU
		{4F71B04F-B380-4CEE-82E6-B91C81D5800F}.Debug|x86.ActiveCfg = Debug|Any CPU
		{4F71B04F-B380-4CEE-82E6-B91C81D5800F}.Debug|x86.Build.0 = Debug|Any CPU
		{4F71B04F-B380-4CEE-82E6-B91C81D5800F}.Release|Any CPU.ActiveCfg = Release|Any CPU
		{4F71B04F-B380-4CEE-82E6-B91C81D5800F}.Release|Any CPU.Build.0 = Release|Any CPU
		{4F71B04F-B380-4CEE-82E6-B91C81D5800F}.Release|x64.ActiveCfg = Release|Any CPU
		{4F71B04F-B380-4CEE-82E6-B91C81D5800F}.Release|x64.Build.0 = Release|Any CPU
		{4F71B04F-B380-4CEE-82E6-B91C81D5800F}.Release|x86.ActiveCfg = Release|Any CPU
		{4F71B04F-B380-4CEE-82E6-B91C81D5800F}.Release|x86.Build.0 = Release|Any CPU
		{AA611B2B-C5FA-4722-A6AB-DE5A57472882}.Debug|Any CPU.ActiveCfg = Debug|Any CPU
		{AA611B2B-C5FA-4722-A6AB-DE5A57472882}.Debug|Any CPU.Build.0 = Debug|Any CPU
		{AA611B2B-C5FA-4722-A6AB-DE5A57472882}.Debug|x64.ActiveCfg = Debug|Any CPU
		{AA611B2B-C5FA-4722-A6AB-DE5A57472882}.Debug|x64.Build.0 = Debug|Any CPU
		{AA611B2B-C5FA-4722-A6AB-DE5A57472882}.Debug|x86.ActiveCfg = Debug|Any CPU
		{AA611B2B-C5FA-4722-A6AB-DE5A57472882}.Debug|x86.Build.0 = Debug|Any CPU
		{AA611B2B-C5FA-4722-A6AB-DE5A57472882}.Release|Any CPU.ActiveCfg = Release|Any CPU
		{AA611B2B-C5FA-4722-A6AB-DE5A57472882}.Release|Any CPU.Build.0 = Release|Any CPU
		{AA611B2B-C5FA-4722-A6AB-DE5A57472882}.Release|x64.ActiveCfg = Release|Any CPU
		{AA611B2B-C5FA-4722-A6AB-DE5A57472882}.Release|x64.Build.0 = Release|Any CPU
		{AA611B2B-C5FA-4722-A6AB-DE5A57472882}.Release|x86.ActiveCfg = Release|Any CPU
		{AA611B2B-C5FA-4722-A6AB-DE5A57472882}.Release|x86.Build.0 = Release|Any CPU
		{239E7000-1190-4A37-99D3-B97499D7048B}.Debug|Any CPU.ActiveCfg = Debug|Any CPU
		{239E7000-1190-4A37-99D3-B97499D7048B}.Debug|Any CPU.Build.0 = Debug|Any CPU
		{239E7000-1190-4A37-99D3-B97499D7048B}.Debug|x64.ActiveCfg = Debug|Any CPU
		{239E7000-1190-4A37-99D3-B97499D7048B}.Debug|x64.Build.0 = Debug|Any CPU
		{239E7000-1190-4A37-99D3-B97499D7048B}.Debug|x86.ActiveCfg = Debug|Any CPU
		{239E7000-1190-4A37-99D3-B97499D7048B}.Debug|x86.Build.0 = Debug|Any CPU
		{239E7000-1190-4A37-99D3-B97499D7048B}.Release|Any CPU.ActiveCfg = Release|Any CPU
		{239E7000-1190-4A37-99D3-B97499D7048B}.Release|Any CPU.Build.0 = Release|Any CPU
		{239E7000-1190-4A37-99D3-B97499D7048B}.Release|x64.ActiveCfg = Release|Any CPU
		{239E7000-1190-4A37-99D3-B97499D7048B}.Release|x64.Build.0 = Release|Any CPU
		{239E7000-1190-4A37-99D3-B97499D7048B}.Release|x86.ActiveCfg = Release|Any CPU
		{239E7000-1190-4A37-99D3-B97499D7048B}.Release|x86.Build.0 = Release|Any CPU
	EndGlobalSection
	GlobalSection(NestedProjects) = preSolution
		{764F2CB7-FDDE-4BAE-B851-00124AAEEF67} = {8620CE18-3173-4B2C-AC53-2F88B1B89557}
		{2E5BD96A-C2BF-4D2B-A677-1720324331A1} = {8620CE18-3173-4B2C-AC53-2F88B1B89557}
		{90332413-CDC5-45BF-A212-A4D5DF263715} = {8620CE18-3173-4B2C-AC53-2F88B1B89557}
		{88E1BE4E-BAFA-4702-A648-51A159A3111B} = {8620CE18-3173-4B2C-AC53-2F88B1B89557}
		{3E5B4C7C-55E5-4EBF-98FA-CCBDD807FAC3} = {8620CE18-3173-4B2C-AC53-2F88B1B89557}
		{4F71B04F-B380-4CEE-82E6-B91C81D5800F} = {8620CE18-3173-4B2C-AC53-2F88B1B89557}
		{AA611B2B-C5FA-4722-A6AB-DE5A57472882} = {116CC5D9-DABF-4EA3-96F4-00658EDFDA86}
		{239E7000-1190-4A37-99D3-B97499D7048B} = {116CC5D9-DABF-4EA3-96F4-00658EDFDA86}
	EndGlobalSection
EndGlobal
