
Microsoft Visual Studio Solution File, Format Version 12.00
# Visual Studio 15
VisualStudioVersion = 15.0.26124.0
MinimumVisualStudioVersion = 15.0.26124.0
Project("{2150E333-8FDC-42A3-9474-1A3956D46DE8}") = "src", "src", "{8620CE18-3173-4B2C-AC53-2F88B1B89557}"
EndProject
Project("{FAE04EC0-301F-11D3-BF4B-00C04F79EFBC}") = "DoeAqui.Domain.Core", "src\DoeAqui.Domain.Core\DoeAqui.Domain.Core.csproj", "{764F2CB7-FDDE-4BAE-B851-00124AAEEF67}"
EndProject
Project("{FAE04EC0-301F-11D3-BF4B-00C04F79EFBC}") = "DoeAqui.Domain", "src\DoeAqui.Domain\DoeAqui.Domain.csproj", "{2E5BD96A-C2BF-4D2B-A677-1720324331A1}"
EndProject
Project("{FAE04EC0-301F-11D3-BF4B-00C04F79EFBC}") = "DoeAqui.Api", "src\DoeAqui.Api\DoeAqui.Api.csproj", "{90332413-CDC5-45BF-A212-A4D5DF263715}"
EndProject
Project("{FAE04EC0-301F-11D3-BF4B-00C04F79EFBC}") = "DoeAqui.Infrastructure", "src\DoeAqui.Infrastructure\DoeAqui.Infrastructure.csproj", "{88E1BE4E-BAFA-4702-A648-51A159A3111B}"
EndProject
Project("{2150E333-8FDC-42A3-9474-1A3956D46DE8}") = "tests", "tests", "{60C73E7D-ABF2-4140-A708-F53FB689C840}"
EndProject
Project("{FAE04EC0-301F-11D3-BF4B-00C04F79EFBC}") = "DoeAqui.Test", "tests\DoeAqui.Test\DoeAqui.Test.csproj", "{1465CE2A-3598-40C2-9CBB-98F7C77E0759}"
EndProject
Global
	GlobalSection(SolutionConfigurationPlatforms) = preSolution
		Debug|Any CPU = Debug|Any CPU
		Debug|x64 = Debug|x64
		Debug|x86 = Debug|x86
		Release|Any CPU = Release|Any CPU
		Release|x64 = Release|x64
		Release|x86 = Release|x86
	EndGlobalSection
	GlobalSection(SolutionProperties) = preSolution
		HideSolutionNode = FALSE
	EndGlobalSection
	GlobalSection(ProjectConfigurationPlatforms) = postSolution
		{764F2CB7-FDDE-4BAE-B851-00124AAEEF67}.Debug|Any CPU.ActiveCfg = Debug|Any CPU
		{764F2CB7-FDDE-4BAE-B851-00124AAEEF67}.Debug|Any CPU.Build.0 = Debug|Any CPU
		{764F2CB7-FDDE-4BAE-B851-00124AAEEF67}.Debug|x64.ActiveCfg = Debug|Any CPU
		{764F2CB7-FDDE-4BAE-B851-00124AAEEF67}.Debug|x64.Build.0 = Debug|Any CPU
		{764F2CB7-FDDE-4BAE-B851-00124AAEEF67}.Debug|x86.ActiveCfg = Debug|Any CPU
		{764F2CB7-FDDE-4BAE-B851-00124AAEEF67}.Debug|x86.Build.0 = Debug|Any CPU
		{764F2CB7-FDDE-4BAE-B851-00124AAEEF67}.Release|Any CPU.ActiveCfg = Release|Any CPU
		{764F2CB7-FDDE-4BAE-B851-00124AAEEF67}.Release|Any CPU.Build.0 = Release|Any CPU
		{764F2CB7-FDDE-4BAE-B851-00124AAEEF67}.Release|x64.ActiveCfg = Release|Any CPU
		{764F2CB7-FDDE-4BAE-B851-00124AAEEF67}.Release|x64.Build.0 = Release|Any CPU
		{764F2CB7-FDDE-4BAE-B851-00124AAEEF67}.Release|x86.ActiveCfg = Release|Any CPU
		{764F2CB7-FDDE-4BAE-B851-00124AAEEF67}.Release|x86.Build.0 = Release|Any CPU
		{2E5BD96A-C2BF-4D2B-A677-1720324331A1}.Debug|Any CPU.ActiveCfg = Debug|Any CPU
		{2E5BD96A-C2BF-4D2B-A677-1720324331A1}.Debug|Any CPU.Build.0 = Debug|Any CPU
		{2E5BD96A-C2BF-4D2B-A677-1720324331A1}.Debug|x64.ActiveCfg = Debug|Any CPU
		{2E5BD96A-C2BF-4D2B-A677-1720324331A1}.Debug|x64.Build.0 = Debug|Any CPU
		{2E5BD96A-C2BF-4D2B-A677-1720324331A1}.Debug|x86.ActiveCfg = Debug|Any CPU
		{2E5BD96A-C2BF-4D2B-A677-1720324331A1}.Debug|x86.Build.0 = Debug|Any CPU
		{2E5BD96A-C2BF-4D2B-A677-1720324331A1}.Release|Any CPU.ActiveCfg = Release|Any CPU
		{2E5BD96A-C2BF-4D2B-A677-1720324331A1}.Release|Any CPU.Build.0 = Release|Any CPU
		{2E5BD96A-C2BF-4D2B-A677-1720324331A1}.Release|x64.ActiveCfg = Release|Any CPU
		{2E5BD96A-C2BF-4D2B-A677-1720324331A1}.Release|x64.Build.0 = Release|Any CPU
		{2E5BD96A-C2BF-4D2B-A677-1720324331A1}.Release|x86.ActiveCfg = Release|Any CPU
		{2E5BD96A-C2BF-4D2B-A677-1720324331A1}.Release|x86.Build.0 = Release|Any CPU
		{90332413-CDC5-45BF-A212-A4D5DF263715}.Debug|Any CPU.ActiveCfg = Debug|Any CPU
		{90332413-CDC5-45BF-A212-A4D5DF263715}.Debug|Any CPU.Build.0 = Debug|Any CPU
		{90332413-CDC5-45BF-A212-A4D5DF263715}.Debug|x64.ActiveCfg = Debug|Any CPU
		{90332413-CDC5-45BF-A212-A4D5DF263715}.Debug|x64.Build.0 = Debug|Any CPU
		{90332413-CDC5-45BF-A212-A4D5DF263715}.Debug|x86.ActiveCfg = Debug|Any CPU
		{90332413-CDC5-45BF-A212-A4D5DF263715}.Debug|x86.Build.0 = Debug|Any CPU
		{90332413-CDC5-45BF-A212-A4D5DF263715}.Release|Any CPU.ActiveCfg = Release|Any CPU
		{90332413-CDC5-45BF-A212-A4D5DF263715}.Release|Any CPU.Build.0 = Release|Any CPU
		{90332413-CDC5-45BF-A212-A4D5DF263715}.Release|x64.ActiveCfg = Release|Any CPU
		{90332413-CDC5-45BF-A212-A4D5DF263715}.Release|x64.Build.0 = Release|Any CPU
		{90332413-CDC5-45BF-A212-A4D5DF263715}.Release|x86.ActiveCfg = Release|Any CPU
		{90332413-CDC5-45BF-A212-A4D5DF263715}.Release|x86.Build.0 = Release|Any CPU
		{88E1BE4E-BAFA-4702-A648-51A159A3111B}.Debug|Any CPU.ActiveCfg = Debug|Any CPU
		{88E1BE4E-BAFA-4702-A648-51A159A3111B}.Debug|Any CPU.Build.0 = Debug|Any CPU
		{88E1BE4E-BAFA-4702-A648-51A159A3111B}.Debug|x64.ActiveCfg = Debug|Any CPU
		{88E1BE4E-BAFA-4702-A648-51A159A3111B}.Debug|x64.Build.0 = Debug|Any CPU
		{88E1BE4E-BAFA-4702-A648-51A159A3111B}.Debug|x86.ActiveCfg = Debug|Any CPU
		{88E1BE4E-BAFA-4702-A648-51A159A3111B}.Debug|x86.Build.0 = Debug|Any CPU
		{88E1BE4E-BAFA-4702-A648-51A159A3111B}.Release|Any CPU.ActiveCfg = Release|Any CPU
		{88E1BE4E-BAFA-4702-A648-51A159A3111B}.Release|Any CPU.Build.0 = Release|Any CPU
		{88E1BE4E-BAFA-4702-A648-51A159A3111B}.Release|x64.ActiveCfg = Release|Any CPU
		{88E1BE4E-BAFA-4702-A648-51A159A3111B}.Release|x64.Build.0 = Release|Any CPU
		{88E1BE4E-BAFA-4702-A648-51A159A3111B}.Release|x86.ActiveCfg = Release|Any CPU
		{88E1BE4E-BAFA-4702-A648-51A159A3111B}.Release|x86.Build.0 = Release|Any CPU
		{1465CE2A-3598-40C2-9CBB-98F7C77E0759}.Debug|Any CPU.ActiveCfg = Debug|Any CPU
		{1465CE2A-3598-40C2-9CBB-98F7C77E0759}.Debug|Any CPU.Build.0 = Debug|Any CPU
		{1465CE2A-3598-40C2-9CBB-98F7C77E0759}.Debug|x64.ActiveCfg = Debug|Any CPU
		{1465CE2A-3598-40C2-9CBB-98F7C77E0759}.Debug|x64.Build.0 = Debug|Any CPU
		{1465CE2A-3598-40C2-9CBB-98F7C77E0759}.Debug|x86.ActiveCfg = Debug|Any CPU
		{1465CE2A-3598-40C2-9CBB-98F7C77E0759}.Debug|x86.Build.0 = Debug|Any CPU
		{1465CE2A-3598-40C2-9CBB-98F7C77E0759}.Release|Any CPU.ActiveCfg = Release|Any CPU
		{1465CE2A-3598-40C2-9CBB-98F7C77E0759}.Release|Any CPU.Build.0 = Release|Any CPU
		{1465CE2A-3598-40C2-9CBB-98F7C77E0759}.Release|x64.ActiveCfg = Release|Any CPU
		{1465CE2A-3598-40C2-9CBB-98F7C77E0759}.Release|x64.Build.0 = Release|Any CPU
		{1465CE2A-3598-40C2-9CBB-98F7C77E0759}.Release|x86.ActiveCfg = Release|Any CPU
		{1465CE2A-3598-40C2-9CBB-98F7C77E0759}.Release|x86.Build.0 = Release|Any CPU
	EndGlobalSection
	GlobalSection(NestedProjects) = preSolution
		{764F2CB7-FDDE-4BAE-B851-00124AAEEF67} = {8620CE18-3173-4B2C-AC53-2F88B1B89557}
		{2E5BD96A-C2BF-4D2B-A677-1720324331A1} = {8620CE18-3173-4B2C-AC53-2F88B1B89557}
		{90332413-CDC5-45BF-A212-A4D5DF263715} = {8620CE18-3173-4B2C-AC53-2F88B1B89557}
		{88E1BE4E-BAFA-4702-A648-51A159A3111B} = {8620CE18-3173-4B2C-AC53-2F88B1B89557}
		{1465CE2A-3598-40C2-9CBB-98F7C77E0759} = {60C73E7D-ABF2-4140-A708-F53FB689C840}
	EndGlobalSection
EndGlobal
